
Microsoft Visual Studio Solution File, Format Version 12.00
# Visual Studio Version 17
VisualStudioVersion = 17.9.34607.119
MinimumVisualStudioVersion = 10.0.40219.1
Project("{9A19103F-16F7-4668-BE54-9A1E7A4F7556}") = "CarPartsShop.Server", "CarPartsShop.Server.csproj", "{C9522A19-4820-44AF-9755-7EC055766788}"
EndProject
Project("{9A19103F-16F7-4668-BE54-9A1E7A4F7556}") = "CarPartsShop.Server.Tests", "..\CarPartsShop.Server.Tests\CarPartsShop.Server.Tests.csproj", "{64FC0BF5-01F3-4204-8030-A55D5979A825}"
EndProject
Project("{FAE04EC0-301F-11D3-BF4B-00C04F79EFBC}") = "CarPartsShop.Server.Database", "..\CarPartsShop.Server.Database\CarPartsShop.Server.Database.csproj", "{2156F673-B519-49D9-B0D1-D845A6D2EBAE}"
EndProject
Global
	GlobalSection(SolutionConfigurationPlatforms) = preSolution
		Debug|Any CPU = Debug|Any CPU
		Release|Any CPU = Release|Any CPU
	EndGlobalSection
	GlobalSection(ProjectConfigurationPlatforms) = postSolution
		{C9522A19-4820-44AF-9755-7EC055766788}.Debug|Any CPU.ActiveCfg = Debug|Any CPU
		{C9522A19-4820-44AF-9755-7EC055766788}.Debug|Any CPU.Build.0 = Debug|Any CPU
		{C9522A19-4820-44AF-9755-7EC055766788}.Release|Any CPU.ActiveCfg = Release|Any CPU
		{C9522A19-4820-44AF-9755-7EC055766788}.Release|Any CPU.Build.0 = Release|Any CPU
		{64FC0BF5-01F3-4204-8030-A55D5979A825}.Debug|Any CPU.ActiveCfg = Debug|Any CPU
		{64FC0BF5-01F3-4204-8030-A55D5979A825}.Debug|Any CPU.Build.0 = Debug|Any CPU
		{64FC0BF5-01F3-4204-8030-A55D5979A825}.Release|Any CPU.ActiveCfg = Release|Any CPU
		{64FC0BF5-01F3-4204-8030-A55D5979A825}.Release|Any CPU.Build.0 = Release|Any CPU
		{2156F673-B519-49D9-B0D1-D845A6D2EBAE}.Debug|Any CPU.ActiveCfg = Debug|Any CPU
		{2156F673-B519-49D9-B0D1-D845A6D2EBAE}.Debug|Any CPU.Build.0 = Debug|Any CPU
		{2156F673-B519-49D9-B0D1-D845A6D2EBAE}.Release|Any CPU.ActiveCfg = Release|Any CPU
		{2156F673-B519-49D9-B0D1-D845A6D2EBAE}.Release|Any CPU.Build.0 = Release|Any CPU
	EndGlobalSection
	GlobalSection(SolutionProperties) = preSolution
		HideSolutionNode = FALSE
	EndGlobalSection
	GlobalSection(ExtensibilityGlobals) = postSolution
		SolutionGuid = {5A1D31C4-8D93-490C-B747-E7F77C5F0A80}
	EndGlobalSection
EndGlobal
